# This file is autogenerated, do not edit; changes may be undone by the next 'dep ensure'.


[[projects]]
  digest = "1:d5f97fc268267ec1b61c3453058c738246fc3e746f14b1ae25161513b7367b0c"
  name = "github.com/gorilla/mux"
  packages = ["."]
  pruneopts = "UT"
  revision = "c5c6c98bc25355028a63748a498942a6398ccd22"
  version = "v1.7.1"

[[projects]]
  digest = "1:d688f4ad71b5dfad95c2d74cb0feac09f8f3c32ae5cecc078230dbdeece39e53"
  name = "github.com/urfave/negroni"
  packages = ["."]
  pruneopts = "UT"
  revision = "c6a59be0ce122566695fbd5e48a77f8f10c8a63a"
  version = "v1.0.0"

[solve-meta]
  analyzer-name = "dep"
  analyzer-version = 1
  input-imports = [
    "github.com/gorilla/mux",
    "github.com/urfave/negroni",
  ]
  solver-name = "gps-cdcl"
  solver-version = 1
